// !$*UTF8*$!
{
	archiveVersion = 1;
	classes = {
	};
	objectVersion = 48;
	objects = {

/* Begin PBXBuildFile section */
		2AB1521A1FCCCAFB0051BB92 /* GameScene.swift in Sources */ = {isa = PBXBuildFile; fileRef = 2AB152191FCCCAFB0051BB92 /* GameScene.swift */; };
		2AB1521E1FCCD6860051BB92 /* Ground.swift in Sources */ = {isa = PBXBuildFile; fileRef = 2AB1521D1FCCD6860051BB92 /* Ground.swift */; };
		2AB152201FCCE0480051BB92 /* MapLoader.swift in Sources */ = {isa = PBXBuildFile; fileRef = 2AB1521F1FCCE0480051BB92 /* MapLoader.swift */; };
		2AB152221FCCE9DE0051BB92 /* Spawn.swift in Sources */ = {isa = PBXBuildFile; fileRef = 2AB152211FCCE9DE0051BB92 /* Spawn.swift */; };
		2AB152281FCD00AE0051BB92 /* LifeBar.swift in Sources */ = {isa = PBXBuildFile; fileRef = 2AB152271FCD00AE0051BB92 /* LifeBar.swift */; };
		2AB1522A1FCD0DB10051BB92 /* Tower-Defense.json in Resources */ = {isa = PBXBuildFile; fileRef = 2AB152291FCD0DB10051BB92 /* Tower-Defense.json */; };
		2AB1522C1FCD0DE30051BB92 /* Castle.swift in Sources */ = {isa = PBXBuildFile; fileRef = 2AB1522B1FCD0DE30051BB92 /* Castle.swift */; };
		2AB1522E1FCDC53D0051BB92 /* CollyderType.swift in Sources */ = {isa = PBXBuildFile; fileRef = 2AB1522D1FCDC53D0051BB92 /* CollyderType.swift */; };
		2AB152301FCDD1E40051BB92 /* HudLayer.swift in Sources */ = {isa = PBXBuildFile; fileRef = 2AB1522F1FCDD1E40051BB92 /* HudLayer.swift */; };
		2AB152321FCDD8020051BB92 /* ButtonNode.swift in Sources */ = {isa = PBXBuildFile; fileRef = 2AB152311FCDD8020051BB92 /* ButtonNode.swift */; };
		2AB152341FCE129D0051BB92 /* Tower.swift in Sources */ = {isa = PBXBuildFile; fileRef = 2AB152331FCE129D0051BB92 /* Tower.swift */; };
		2AB152361FCE13650051BB92 /* ObjectFaceOrientation.swift in Sources */ = {isa = PBXBuildFile; fileRef = 2AB152351FCE13650051BB92 /* ObjectFaceOrientation.swift */; };
		4A3706841FBE509700688810 /* AppDelegate.swift in Sources */ = {isa = PBXBuildFile; fileRef = 4A3706831FBE509700688810 /* AppDelegate.swift */; };
		4A37068E1FBE509700688810 /* Assets.xcassets in Resources */ = {isa = PBXBuildFile; fileRef = 4A37068D1FBE509700688810 /* Assets.xcassets */; };
		4A3706911FBE509700688810 /* Main.storyboard in Resources */ = {isa = PBXBuildFile; fileRef = 4A37068F1FBE509700688810 /* Main.storyboard */; };
		4A37069D1FBE509700688810 /* TowerDefenseTests.swift in Sources */ = {isa = PBXBuildFile; fileRef = 4A37069C1FBE509700688810 /* TowerDefenseTests.swift */; };
		4A3706A81FBE509800688810 /* TowerDefenseUITests.swift in Sources */ = {isa = PBXBuildFile; fileRef = 4A3706A71FBE509800688810 /* TowerDefenseUITests.swift */; };
		4AD22FC71FBE5E21009A52A3 /* Enemy.swift in Sources */ = {isa = PBXBuildFile; fileRef = 4AD22FC61FBE5E21009A52A3 /* Enemy.swift */; };
		4AD22FCC1FBE6229009A52A3 /* MenuController.swift in Sources */ = {isa = PBXBuildFile; fileRef = 4AD22FCB1FBE6229009A52A3 /* MenuController.swift */; };
		4AD22FCF1FBE645E009A52A3 /* MenuScene.swift in Sources */ = {isa = PBXBuildFile; fileRef = 4AD22FCE1FBE645E009A52A3 /* MenuScene.swift */; };
		4AD22FD11FBE647D009A52A3 /* MenuScene.sks in Resources */ = {isa = PBXBuildFile; fileRef = 4AD22FD01FBE647D009A52A3 /* MenuScene.sks */; };
		4AFC81711FBE7A0F00DE459C /* GameController.swift in Sources */ = {isa = PBXBuildFile; fileRef = 4AFC81701FBE7A0F00DE459C /* GameController.swift */; };
/* End PBXBuildFile section */

/* Begin PBXContainerItemProxy section */
		4A3706991FBE509700688810 /* PBXContainerItemProxy */ = {
			isa = PBXContainerItemProxy;
			containerPortal = 4A3706781FBE509700688810 /* Project object */;
			proxyType = 1;
			remoteGlobalIDString = 4A37067F1FBE509700688810;
			remoteInfo = TowerDefense;
		};
		4A3706A41FBE509800688810 /* PBXContainerItemProxy */ = {
			isa = PBXContainerItemProxy;
			containerPortal = 4A3706781FBE509700688810 /* Project object */;
			proxyType = 1;
			remoteGlobalIDString = 4A37067F1FBE509700688810;
			remoteInfo = TowerDefense;
		};
/* End PBXContainerItemProxy section */

/* Begin PBXFileReference section */
		2AB152191FCCCAFB0051BB92 /* GameScene.swift */ = {isa = PBXFileReference; lastKnownFileType = sourcecode.swift; path = GameScene.swift; sourceTree = "<group>"; };
		2AB1521D1FCCD6860051BB92 /* Ground.swift */ = {isa = PBXFileReference; lastKnownFileType = sourcecode.swift; path = Ground.swift; sourceTree = "<group>"; };
		2AB1521F1FCCE0480051BB92 /* MapLoader.swift */ = {isa = PBXFileReference; lastKnownFileType = sourcecode.swift; path = MapLoader.swift; sourceTree = "<group>"; };
		2AB152211FCCE9DE0051BB92 /* Spawn.swift */ = {isa = PBXFileReference; lastKnownFileType = sourcecode.swift; path = Spawn.swift; sourceTree = "<group>"; };
		2AB152271FCD00AE0051BB92 /* LifeBar.swift */ = {isa = PBXFileReference; lastKnownFileType = sourcecode.swift; path = LifeBar.swift; sourceTree = "<group>"; };
		2AB152291FCD0DB10051BB92 /* Tower-Defense.json */ = {isa = PBXFileReference; fileEncoding = 4; lastKnownFileType = text.json; path = "Tower-Defense.json"; sourceTree = "<group>"; };
		2AB1522B1FCD0DE30051BB92 /* Castle.swift */ = {isa = PBXFileReference; lastKnownFileType = sourcecode.swift; path = Castle.swift; sourceTree = "<group>"; };
		2AB1522D1FCDC53D0051BB92 /* CollyderType.swift */ = {isa = PBXFileReference; lastKnownFileType = sourcecode.swift; path = CollyderType.swift; sourceTree = "<group>"; };
		2AB1522F1FCDD1E40051BB92 /* HudLayer.swift */ = {isa = PBXFileReference; lastKnownFileType = sourcecode.swift; path = HudLayer.swift; sourceTree = "<group>"; };
		2AB152311FCDD8020051BB92 /* ButtonNode.swift */ = {isa = PBXFileReference; lastKnownFileType = sourcecode.swift; path = ButtonNode.swift; sourceTree = "<group>"; };
		2AB152331FCE129D0051BB92 /* Tower.swift */ = {isa = PBXFileReference; lastKnownFileType = sourcecode.swift; path = Tower.swift; sourceTree = "<group>"; };
		2AB152351FCE13650051BB92 /* ObjectFaceOrientation.swift */ = {isa = PBXFileReference; lastKnownFileType = sourcecode.swift; path = ObjectFaceOrientation.swift; sourceTree = "<group>"; };
		4A3706801FBE509700688810 /* TowerDefense.app */ = {isa = PBXFileReference; explicitFileType = wrapper.application; includeInIndex = 0; path = TowerDefense.app; sourceTree = BUILT_PRODUCTS_DIR; };
		4A3706831FBE509700688810 /* AppDelegate.swift */ = {isa = PBXFileReference; lastKnownFileType = sourcecode.swift; path = AppDelegate.swift; sourceTree = "<group>"; };
		4A37068D1FBE509700688810 /* Assets.xcassets */ = {isa = PBXFileReference; lastKnownFileType = folder.assetcatalog; path = Assets.xcassets; sourceTree = "<group>"; };
		4A3706901FBE509700688810 /* Base */ = {isa = PBXFileReference; lastKnownFileType = file.storyboard; name = Base; path = Base.lproj/Main.storyboard; sourceTree = "<group>"; };
		4A3706921FBE509700688810 /* Info.plist */ = {isa = PBXFileReference; lastKnownFileType = text.plist.xml; path = Info.plist; sourceTree = "<group>"; };
		4A3706931FBE509700688810 /* TowerDefense.entitlements */ = {isa = PBXFileReference; lastKnownFileType = text.plist.entitlements; path = TowerDefense.entitlements; sourceTree = "<group>"; };
		4A3706981FBE509700688810 /* TowerDefenseTests.xctest */ = {isa = PBXFileReference; explicitFileType = wrapper.cfbundle; includeInIndex = 0; path = TowerDefenseTests.xctest; sourceTree = BUILT_PRODUCTS_DIR; };
		4A37069C1FBE509700688810 /* TowerDefenseTests.swift */ = {isa = PBXFileReference; lastKnownFileType = sourcecode.swift; path = TowerDefenseTests.swift; sourceTree = "<group>"; };
		4A37069E1FBE509700688810 /* Info.plist */ = {isa = PBXFileReference; lastKnownFileType = text.plist.xml; path = Info.plist; sourceTree = "<group>"; };
		4A3706A31FBE509700688810 /* TowerDefenseUITests.xctest */ = {isa = PBXFileReference; explicitFileType = wrapper.cfbundle; includeInIndex = 0; path = TowerDefenseUITests.xctest; sourceTree = BUILT_PRODUCTS_DIR; };
		4A3706A71FBE509800688810 /* TowerDefenseUITests.swift */ = {isa = PBXFileReference; lastKnownFileType = sourcecode.swift; path = TowerDefenseUITests.swift; sourceTree = "<group>"; };
		4A3706A91FBE509800688810 /* Info.plist */ = {isa = PBXFileReference; lastKnownFileType = text.plist.xml; path = Info.plist; sourceTree = "<group>"; };
		4AD22FC61FBE5E21009A52A3 /* Enemy.swift */ = {isa = PBXFileReference; lastKnownFileType = sourcecode.swift; path = Enemy.swift; sourceTree = "<group>"; };
		4AD22FCB1FBE6229009A52A3 /* MenuController.swift */ = {isa = PBXFileReference; lastKnownFileType = sourcecode.swift; path = MenuController.swift; sourceTree = "<group>"; };
		4AD22FCE1FBE645E009A52A3 /* MenuScene.swift */ = {isa = PBXFileReference; lastKnownFileType = sourcecode.swift; path = MenuScene.swift; sourceTree = "<group>"; };
		4AD22FD01FBE647D009A52A3 /* MenuScene.sks */ = {isa = PBXFileReference; lastKnownFileType = file.sks; path = MenuScene.sks; sourceTree = "<group>"; };
		4AFC81701FBE7A0F00DE459C /* GameController.swift */ = {isa = PBXFileReference; lastKnownFileType = sourcecode.swift; path = GameController.swift; sourceTree = "<group>"; };
/* End PBXFileReference section */

/* Begin PBXFrameworksBuildPhase section */
		4A37067D1FBE509700688810 /* Frameworks */ = {
			isa = PBXFrameworksBuildPhase;
			buildActionMask = 2147483647;
			files = (
			);
			runOnlyForDeploymentPostprocessing = 0;
		};
		4A3706951FBE509700688810 /* Frameworks */ = {
			isa = PBXFrameworksBuildPhase;
			buildActionMask = 2147483647;
			files = (
			);
			runOnlyForDeploymentPostprocessing = 0;
		};
		4A3706A01FBE509700688810 /* Frameworks */ = {
			isa = PBXFrameworksBuildPhase;
			buildActionMask = 2147483647;
			files = (
			);
			runOnlyForDeploymentPostprocessing = 0;
		};
/* End PBXFrameworksBuildPhase section */

/* Begin PBXGroup section */
		4A3706771FBE509700688810 = {
			isa = PBXGroup;
			children = (
				4A3706821FBE509700688810 /* TowerDefense */,
				4A37069B1FBE509700688810 /* TowerDefenseTests */,
				4A3706A61FBE509800688810 /* TowerDefenseUITests */,
				4A3706811FBE509700688810 /* Products */,
			);
			sourceTree = "<group>";
		};
		4A3706811FBE509700688810 /* Products */ = {
			isa = PBXGroup;
			children = (
				4A3706801FBE509700688810 /* TowerDefense.app */,
				4A3706981FBE509700688810 /* TowerDefenseTests.xctest */,
				4A3706A31FBE509700688810 /* TowerDefenseUITests.xctest */,
			);
			name = Products;
			sourceTree = "<group>";
		};
		4A3706821FBE509700688810 /* TowerDefense */ = {
			isa = PBXGroup;
			children = (
				2AB152291FCD0DB10051BB92 /* Tower-Defense.json */,
				4AD22FCD1FBE63FD009A52A3 /* GameScenes */,
				4AD22FCA1FBE620B009A52A3 /* Controllers */,
				4AD22FBB1FBE5137009A52A3 /* Models */,
				4A3706831FBE509700688810 /* AppDelegate.swift */,
				4A37068D1FBE509700688810 /* Assets.xcassets */,
				4A37068F1FBE509700688810 /* Main.storyboard */,
				4A3706921FBE509700688810 /* Info.plist */,
				4A3706931FBE509700688810 /* TowerDefense.entitlements */,
			);
			path = TowerDefense;
			sourceTree = "<group>";
		};
		4A37069B1FBE509700688810 /* TowerDefenseTests */ = {
			isa = PBXGroup;
			children = (
				4A37069C1FBE509700688810 /* TowerDefenseTests.swift */,
				4A37069E1FBE509700688810 /* Info.plist */,
			);
			path = TowerDefenseTests;
			sourceTree = "<group>";
		};
		4A3706A61FBE509800688810 /* TowerDefenseUITests */ = {
			isa = PBXGroup;
			children = (
				4A3706A71FBE509800688810 /* TowerDefenseUITests.swift */,
				4A3706A91FBE509800688810 /* Info.plist */,
			);
			path = TowerDefenseUITests;
			sourceTree = "<group>";
		};
		4AD22FBB1FBE5137009A52A3 /* Models */ = {
			isa = PBXGroup;
			children = (
				4AD22FC61FBE5E21009A52A3 /* Enemy.swift */,
				2AB1521D1FCCD6860051BB92 /* Ground.swift */,
				2AB1521F1FCCE0480051BB92 /* MapLoader.swift */,
				2AB152211FCCE9DE0051BB92 /* Spawn.swift */,
				2AB152271FCD00AE0051BB92 /* LifeBar.swift */,
				2AB1522B1FCD0DE30051BB92 /* Castle.swift */,
				2AB1522D1FCDC53D0051BB92 /* CollyderType.swift */,
				2AB1522F1FCDD1E40051BB92 /* HudLayer.swift */,
				2AB152311FCDD8020051BB92 /* ButtonNode.swift */,
				2AB152331FCE129D0051BB92 /* Tower.swift */,
				2AB152351FCE13650051BB92 /* ObjectFaceOrientation.swift */,
			);
			path = Models;
			sourceTree = "<group>";
		};
		4AD22FCA1FBE620B009A52A3 /* Controllers */ = {
			isa = PBXGroup;
			children = (
				4AD22FCB1FBE6229009A52A3 /* MenuController.swift */,
				4AFC81701FBE7A0F00DE459C /* GameController.swift */,
			);
			path = Controllers;
			sourceTree = "<group>";
		};
		4AD22FCD1FBE63FD009A52A3 /* GameScenes */ = {
			isa = PBXGroup;
			children = (
				4AD22FCE1FBE645E009A52A3 /* MenuScene.swift */,
				4AD22FD01FBE647D009A52A3 /* MenuScene.sks */,
				2AB152191FCCCAFB0051BB92 /* GameScene.swift */,
			);
			path = GameScenes;
			sourceTree = "<group>";
		};
/* End PBXGroup section */

/* Begin PBXNativeTarget section */
		4A37067F1FBE509700688810 /* TowerDefense */ = {
			isa = PBXNativeTarget;
			buildConfigurationList = 4A3706AC1FBE509800688810 /* Build configuration list for PBXNativeTarget "TowerDefense" */;
			buildPhases = (
				4A37067C1FBE509700688810 /* Sources */,
				4A37067D1FBE509700688810 /* Frameworks */,
				4A37067E1FBE509700688810 /* Resources */,
			);
			buildRules = (
			);
			dependencies = (
			);
			name = TowerDefense;
			productName = TowerDefense;
			productReference = 4A3706801FBE509700688810 /* TowerDefense.app */;
			productType = "com.apple.product-type.application";
		};
		4A3706971FBE509700688810 /* TowerDefenseTests */ = {
			isa = PBXNativeTarget;
			buildConfigurationList = 4A3706AF1FBE509800688810 /* Build configuration list for PBXNativeTarget "TowerDefenseTests" */;
			buildPhases = (
				4A3706941FBE509700688810 /* Sources */,
				4A3706951FBE509700688810 /* Frameworks */,
				4A3706961FBE509700688810 /* Resources */,
			);
			buildRules = (
			);
			dependencies = (
				4A37069A1FBE509700688810 /* PBXTargetDependency */,
			);
			name = TowerDefenseTests;
			productName = TowerDefenseTests;
			productReference = 4A3706981FBE509700688810 /* TowerDefenseTests.xctest */;
			productType = "com.apple.product-type.bundle.unit-test";
		};
		4A3706A21FBE509700688810 /* TowerDefenseUITests */ = {
			isa = PBXNativeTarget;
			buildConfigurationList = 4A3706B21FBE509800688810 /* Build configuration list for PBXNativeTarget "TowerDefenseUITests" */;
			buildPhases = (
				4A37069F1FBE509700688810 /* Sources */,
				4A3706A01FBE509700688810 /* Frameworks */,
				4A3706A11FBE509700688810 /* Resources */,
			);
			buildRules = (
			);
			dependencies = (
				4A3706A51FBE509800688810 /* PBXTargetDependency */,
			);
			name = TowerDefenseUITests;
			productName = TowerDefenseUITests;
			productReference = 4A3706A31FBE509700688810 /* TowerDefenseUITests.xctest */;
			productType = "com.apple.product-type.bundle.ui-testing";
		};
/* End PBXNativeTarget section */

/* Begin PBXProject section */
		4A3706781FBE509700688810 /* Project object */ = {
			isa = PBXProject;
			attributes = {
				LastSwiftUpdateCheck = 0900;
				LastUpgradeCheck = 0900;
				ORGANIZATIONNAME = gatosDeSchnorrdinger;
				TargetAttributes = {
					4A37067F1FBE509700688810 = {
						CreatedOnToolsVersion = 9.0.1;
						ProvisioningStyle = Automatic;
					};
					4A3706971FBE509700688810 = {
						CreatedOnToolsVersion = 9.0.1;
						ProvisioningStyle = Automatic;
						TestTargetID = 4A37067F1FBE509700688810;
					};
					4A3706A21FBE509700688810 = {
						CreatedOnToolsVersion = 9.0.1;
						ProvisioningStyle = Automatic;
						TestTargetID = 4A37067F1FBE509700688810;
					};
				};
			};
			buildConfigurationList = 4A37067B1FBE509700688810 /* Build configuration list for PBXProject "TowerDefense" */;
			compatibilityVersion = "Xcode 8.0";
			developmentRegion = en;
			hasScannedForEncodings = 0;
			knownRegions = (
				en,
				Base,
			);
			mainGroup = 4A3706771FBE509700688810;
			productRefGroup = 4A3706811FBE509700688810 /* Products */;
			projectDirPath = "";
			projectRoot = "";
			targets = (
				4A37067F1FBE509700688810 /* TowerDefense */,
				4A3706971FBE509700688810 /* TowerDefenseTests */,
				4A3706A21FBE509700688810 /* TowerDefenseUITests */,
			);
		};
/* End PBXProject section */

/* Begin PBXResourcesBuildPhase section */
		4A37067E1FBE509700688810 /* Resources */ = {
			isa = PBXResourcesBuildPhase;
			buildActionMask = 2147483647;
			files = (
				4A37068E1FBE509700688810 /* Assets.xcassets in Resources */,
				4AD22FD11FBE647D009A52A3 /* MenuScene.sks in Resources */,
				2AB1522A1FCD0DB10051BB92 /* Tower-Defense.json in Resources */,
				4A3706911FBE509700688810 /* Main.storyboard in Resources */,
			);
			runOnlyForDeploymentPostprocessing = 0;
		};
		4A3706961FBE509700688810 /* Resources */ = {
			isa = PBXResourcesBuildPhase;
			buildActionMask = 2147483647;
			files = (
			);
			runOnlyForDeploymentPostprocessing = 0;
		};
		4A3706A11FBE509700688810 /* Resources */ = {
			isa = PBXResourcesBuildPhase;
			buildActionMask = 2147483647;
			files = (
			);
			runOnlyForDeploymentPostprocessing = 0;
		};
/* End PBXResourcesBuildPhase section */

/* Begin PBXSourcesBuildPhase section */
		4A37067C1FBE509700688810 /* Sources */ = {
			isa = PBXSourcesBuildPhase;
			buildActionMask = 2147483647;
			files = (
				2AB152221FCCE9DE0051BB92 /* Spawn.swift in Sources */,
				2AB1521A1FCCCAFB0051BB92 /* GameScene.swift in Sources */,
				4AD22FCC1FBE6229009A52A3 /* MenuController.swift in Sources */,
				4AFC81711FBE7A0F00DE459C /* GameController.swift in Sources */,
				4AD22FCF1FBE645E009A52A3 /* MenuScene.swift in Sources */,
				2AB152281FCD00AE0051BB92 /* LifeBar.swift in Sources */,
				4A3706841FBE509700688810 /* AppDelegate.swift in Sources */,
				2AB152201FCCE0480051BB92 /* MapLoader.swift in Sources */,
				2AB152361FCE13650051BB92 /* ObjectFaceOrientation.swift in Sources */,
				2AB152301FCDD1E40051BB92 /* HudLayer.swift in Sources */,
				4AD22FC71FBE5E21009A52A3 /* Enemy.swift in Sources */,
				2AB1522C1FCD0DE30051BB92 /* Castle.swift in Sources */,
				2AB1522E1FCDC53D0051BB92 /* CollyderType.swift in Sources */,
				2AB152341FCE129D0051BB92 /* Tower.swift in Sources */,
				2AB1521E1FCCD6860051BB92 /* Ground.swift in Sources */,
				2AB152321FCDD8020051BB92 /* ButtonNode.swift in Sources */,
			);
			runOnlyForDeploymentPostprocessing = 0;
		};
		4A3706941FBE509700688810 /* Sources */ = {
			isa = PBXSourcesBuildPhase;
			buildActionMask = 2147483647;
			files = (
				4A37069D1FBE509700688810 /* TowerDefenseTests.swift in Sources */,
			);
			runOnlyForDeploymentPostprocessing = 0;
		};
		4A37069F1FBE509700688810 /* Sources */ = {
			isa = PBXSourcesBuildPhase;
			buildActionMask = 2147483647;
			files = (
				4A3706A81FBE509800688810 /* TowerDefenseUITests.swift in Sources */,
			);
			runOnlyForDeploymentPostprocessing = 0;
		};
/* End PBXSourcesBuildPhase section */

/* Begin PBXTargetDependency section */
		4A37069A1FBE509700688810 /* PBXTargetDependency */ = {
			isa = PBXTargetDependency;
			target = 4A37067F1FBE509700688810 /* TowerDefense */;
			targetProxy = 4A3706991FBE509700688810 /* PBXContainerItemProxy */;
		};
		4A3706A51FBE509800688810 /* PBXTargetDependency */ = {
			isa = PBXTargetDependency;
			target = 4A37067F1FBE509700688810 /* TowerDefense */;
			targetProxy = 4A3706A41FBE509800688810 /* PBXContainerItemProxy */;
		};
/* End PBXTargetDependency section */

/* Begin PBXVariantGroup section */
		4A37068F1FBE509700688810 /* Main.storyboard */ = {
			isa = PBXVariantGroup;
			children = (
				4A3706901FBE509700688810 /* Base */,
			);
			name = Main.storyboard;
			sourceTree = "<group>";
		};
/* End PBXVariantGroup section */

/* Begin XCBuildConfiguration section */
		4A3706AA1FBE509800688810 /* Debug */ = {
			isa = XCBuildConfiguration;
			buildSettings = {
				ALWAYS_SEARCH_USER_PATHS = NO;
				CLANG_ANALYZER_NONNULL = YES;
				CLANG_ANALYZER_NUMBER_OBJECT_CONVERSION = YES_AGGRESSIVE;
				CLANG_CXX_LANGUAGE_STANDARD = "gnu++14";
				CLANG_CXX_LIBRARY = "libc++";
				CLANG_ENABLE_MODULES = YES;
				CLANG_ENABLE_OBJC_ARC = YES;
				CLANG_WARN_BLOCK_CAPTURE_AUTORELEASING = YES;
				CLANG_WARN_BOOL_CONVERSION = YES;
				CLANG_WARN_COMMA = YES;
				CLANG_WARN_CONSTANT_CONVERSION = YES;
				CLANG_WARN_DIRECT_OBJC_ISA_USAGE = YES_ERROR;
				CLANG_WARN_DOCUMENTATION_COMMENTS = YES;
				CLANG_WARN_EMPTY_BODY = YES;
				CLANG_WARN_ENUM_CONVERSION = YES;
				CLANG_WARN_INFINITE_RECURSION = YES;
				CLANG_WARN_INT_CONVERSION = YES;
				CLANG_WARN_NON_LITERAL_NULL_CONVERSION = YES;
				CLANG_WARN_OBJC_LITERAL_CONVERSION = YES;
				CLANG_WARN_OBJC_ROOT_CLASS = YES_ERROR;
				CLANG_WARN_RANGE_LOOP_ANALYSIS = YES;
				CLANG_WARN_STRICT_PROTOTYPES = YES;
				CLANG_WARN_SUSPICIOUS_MOVE = YES;
				CLANG_WARN_UNGUARDED_AVAILABILITY = YES_AGGRESSIVE;
				CLANG_WARN_UNREACHABLE_CODE = YES;
				CLANG_WARN__DUPLICATE_METHOD_MATCH = YES;
				CODE_SIGN_IDENTITY = "-";
				COPY_PHASE_STRIP = NO;
				DEBUG_INFORMATION_FORMAT = dwarf;
				ENABLE_STRICT_OBJC_MSGSEND = YES;
				ENABLE_TESTABILITY = YES;
				GCC_C_LANGUAGE_STANDARD = gnu11;
				GCC_DYNAMIC_NO_PIC = NO;
				GCC_NO_COMMON_BLOCKS = YES;
				GCC_OPTIMIZATION_LEVEL = 0;
				GCC_PREPROCESSOR_DEFINITIONS = (
					"DEBUG=1",
					"$(inherited)",
				);
				GCC_WARN_64_TO_32_BIT_CONVERSION = YES;
				GCC_WARN_ABOUT_RETURN_TYPE = YES_ERROR;
				GCC_WARN_UNDECLARED_SELECTOR = YES;
				GCC_WARN_UNINITIALIZED_AUTOS = YES_AGGRESSIVE;
				GCC_WARN_UNUSED_FUNCTION = YES;
				GCC_WARN_UNUSED_VARIABLE = YES;
				MACOSX_DEPLOYMENT_TARGET = 10.12;
				MTL_ENABLE_DEBUG_INFO = YES;
				ONLY_ACTIVE_ARCH = YES;
				SDKROOT = macosx;
				SWIFT_ACTIVE_COMPILATION_CONDITIONS = DEBUG;
				SWIFT_OPTIMIZATION_LEVEL = "-Onone";
			};
			name = Debug;
		};
		4A3706AB1FBE509800688810 /* Release */ = {
			isa = XCBuildConfiguration;
			buildSettings = {
				ALWAYS_SEARCH_USER_PATHS = NO;
				CLANG_ANALYZER_NONNULL = YES;
				CLANG_ANALYZER_NUMBER_OBJECT_CONVERSION = YES_AGGRESSIVE;
				CLANG_CXX_LANGUAGE_STANDARD = "gnu++14";
				CLANG_CXX_LIBRARY = "libc++";
				CLANG_ENABLE_MODULES = YES;
				CLANG_ENABLE_OBJC_ARC = YES;
				CLANG_WARN_BLOCK_CAPTURE_AUTORELEASING = YES;
				CLANG_WARN_BOOL_CONVERSION = YES;
				CLANG_WARN_COMMA = YES;
				CLANG_WARN_CONSTANT_CONVERSION = YES;
				CLANG_WARN_DIRECT_OBJC_ISA_USAGE = YES_ERROR;
				CLANG_WARN_DOCUMENTATION_COMMENTS = YES;
				CLANG_WARN_EMPTY_BODY = YES;
				CLANG_WARN_ENUM_CONVERSION = YES;
				CLANG_WARN_INFINITE_RECURSION = YES;
				CLANG_WARN_INT_CONVERSION = YES;
				CLANG_WARN_NON_LITERAL_NULL_CONVERSION = YES;
				CLANG_WARN_OBJC_LITERAL_CONVERSION = YES;
				CLANG_WARN_OBJC_ROOT_CLASS = YES_ERROR;
				CLANG_WARN_RANGE_LOOP_ANALYSIS = YES;
				CLANG_WARN_STRICT_PROTOTYPES = YES;
				CLANG_WARN_SUSPICIOUS_MOVE = YES;
				CLANG_WARN_UNGUARDED_AVAILABILITY = YES_AGGRESSIVE;
				CLANG_WARN_UNREACHABLE_CODE = YES;
				CLANG_WARN__DUPLICATE_METHOD_MATCH = YES;
				CODE_SIGN_IDENTITY = "-";
				COPY_PHASE_STRIP = NO;
				DEBUG_INFORMATION_FORMAT = "dwarf-with-dsym";
				ENABLE_NS_ASSERTIONS = NO;
				ENABLE_STRICT_OBJC_MSGSEND = YES;
				GCC_C_LANGUAGE_STANDARD = gnu11;
				GCC_NO_COMMON_BLOCKS = YES;
				GCC_WARN_64_TO_32_BIT_CONVERSION = YES;
				GCC_WARN_ABOUT_RETURN_TYPE = YES_ERROR;
				GCC_WARN_UNDECLARED_SELECTOR = YES;
				GCC_WARN_UNINITIALIZED_AUTOS = YES_AGGRESSIVE;
				GCC_WARN_UNUSED_FUNCTION = YES;
				GCC_WARN_UNUSED_VARIABLE = YES;
				MACOSX_DEPLOYMENT_TARGET = 10.12;
				MTL_ENABLE_DEBUG_INFO = NO;
				SDKROOT = macosx;
				SWIFT_OPTIMIZATION_LEVEL = "-Owholemodule";
			};
			name = Release;
		};
		4A3706AD1FBE509800688810 /* Debug */ = {
			isa = XCBuildConfiguration;
			buildSettings = {
				ASSETCATALOG_COMPILER_APPICON_NAME = AppIcon;
				CODE_SIGN_ENTITLEMENTS = TowerDefense/TowerDefense.entitlements;
				CODE_SIGN_STYLE = Automatic;
				COMBINE_HIDPI_IMAGES = YES;
				INFOPLIST_FILE = TowerDefense/Info.plist;
				LD_RUNPATH_SEARCH_PATHS = "$(inherited) @executable_path/../Frameworks";
				PRODUCT_BUNDLE_IDENTIFIER = com.TowerDefense;
				PRODUCT_NAME = "$(TARGET_NAME)";
				SWIFT_VERSION = 4.0;
			};
			name = Debug;
		};
		4A3706AE1FBE509800688810 /* Release */ = {
			isa = XCBuildConfiguration;
			buildSettings = {
				ASSETCATALOG_COMPILER_APPICON_NAME = AppIcon;
				CODE_SIGN_ENTITLEMENTS = TowerDefense/TowerDefense.entitlements;
				CODE_SIGN_STYLE = Automatic;
				COMBINE_HIDPI_IMAGES = YES;
				INFOPLIST_FILE = TowerDefense/Info.plist;
				LD_RUNPATH_SEARCH_PATHS = "$(inherited) @executable_path/../Frameworks";
				PRODUCT_BUNDLE_IDENTIFIER = com.TowerDefense;
				PRODUCT_NAME = "$(TARGET_NAME)";
				SWIFT_VERSION = 4.0;
			};
			name = Release;
		};
		4A3706B01FBE509800688810 /* Debug */ = {
			isa = XCBuildConfiguration;
			buildSettings = {
				ALWAYS_EMBED_SWIFT_STANDARD_LIBRARIES = YES;
				BUNDLE_LOADER = "$(TEST_HOST)";
				CODE_SIGN_STYLE = Automatic;
				COMBINE_HIDPI_IMAGES = YES;
				INFOPLIST_FILE = TowerDefenseTests/Info.plist;
				LD_RUNPATH_SEARCH_PATHS = "$(inherited) @executable_path/../Frameworks @loader_path/../Frameworks";
				PRODUCT_BUNDLE_IDENTIFIER = com.TowerDefenseTests;
				PRODUCT_NAME = "$(TARGET_NAME)";
				SWIFT_VERSION = 4.0;
				TEST_HOST = "$(BUILT_PRODUCTS_DIR)/TowerDefense.app/Contents/MacOS/TowerDefense";
			};
			name = Debug;
		};
		4A3706B11FBE509800688810 /* Release */ = {
			isa = XCBuildConfiguration;
			buildSettings = {
				ALWAYS_EMBED_SWIFT_STANDARD_LIBRARIES = YES;
				BUNDLE_LOADER = "$(TEST_HOST)";
				CODE_SIGN_STYLE = Automatic;
				COMBINE_HIDPI_IMAGES = YES;
				INFOPLIST_FILE = TowerDefenseTests/Info.plist;
				LD_RUNPATH_SEARCH_PATHS = "$(inherited) @executable_path/../Frameworks @loader_path/../Frameworks";
				PRODUCT_BUNDLE_IDENTIFIER = com.TowerDefenseTests;
				PRODUCT_NAME = "$(TARGET_NAME)";
				SWIFT_VERSION = 4.0;
				TEST_HOST = "$(BUILT_PRODUCTS_DIR)/TowerDefense.app/Contents/MacOS/TowerDefense";
			};
			name = Release;
		};
		4A3706B31FBE509800688810 /* Debug */ = {
			isa = XCBuildConfiguration;
			buildSettings = {
				ALWAYS_EMBED_SWIFT_STANDARD_LIBRARIES = YES;
				CODE_SIGN_STYLE = Automatic;
				COMBINE_HIDPI_IMAGES = YES;
				INFOPLIST_FILE = TowerDefenseUITests/Info.plist;
				LD_RUNPATH_SEARCH_PATHS = "$(inherited) @executable_path/../Frameworks @loader_path/../Frameworks";
				PRODUCT_BUNDLE_IDENTIFIER = com.TowerDefenseUITests;
				PRODUCT_NAME = "$(TARGET_NAME)";
				SWIFT_VERSION = 4.0;
				TEST_TARGET_NAME = TowerDefense;
			};
			name = Debug;
		};
		4A3706B41FBE509800688810 /* Release */ = {
			isa = XCBuildConfiguration;
			buildSettings = {
				ALWAYS_EMBED_SWIFT_STANDARD_LIBRARIES = YES;
				CODE_SIGN_STYLE = Automatic;
				COMBINE_HIDPI_IMAGES = YES;
				INFOPLIST_FILE = TowerDefenseUITests/Info.plist;
				LD_RUNPATH_SEARCH_PATHS = "$(inherited) @executable_path/../Frameworks @loader_path/../Frameworks";
				PRODUCT_BUNDLE_IDENTIFIER = com.TowerDefenseUITests;
				PRODUCT_NAME = "$(TARGET_NAME)";
				SWIFT_VERSION = 4.0;
				TEST_TARGET_NAME = TowerDefense;
			};
			name = Release;
		};
/* End XCBuildConfiguration section */

/* Begin XCConfigurationList section */
		4A37067B1FBE509700688810 /* Build configuration list for PBXProject "TowerDefense" */ = {
			isa = XCConfigurationList;
			buildConfigurations = (
				4A3706AA1FBE509800688810 /* Debug */,
				4A3706AB1FBE509800688810 /* Release */,
			);
			defaultConfigurationIsVisible = 0;
			defaultConfigurationName = Release;
		};
		4A3706AC1FBE509800688810 /* Build configuration list for PBXNativeTarget "TowerDefense" */ = {
			isa = XCConfigurationList;
			buildConfigurations = (
				4A3706AD1FBE509800688810 /* Debug */,
				4A3706AE1FBE509800688810 /* Release */,
			);
			defaultConfigurationIsVisible = 0;
			defaultConfigurationName = Release;
		};
		4A3706AF1FBE509800688810 /* Build configuration list for PBXNativeTarget "TowerDefenseTests" */ = {
			isa = XCConfigurationList;
			buildConfigurations = (
				4A3706B01FBE509800688810 /* Debug */,
				4A3706B11FBE509800688810 /* Release */,
			);
			defaultConfigurationIsVisible = 0;
			defaultConfigurationName = Release;
		};
		4A3706B21FBE509800688810 /* Build configuration list for PBXNativeTarget "TowerDefenseUITests" */ = {
			isa = XCConfigurationList;
			buildConfigurations = (
				4A3706B31FBE509800688810 /* Debug */,
				4A3706B41FBE509800688810 /* Release */,
			);
			defaultConfigurationIsVisible = 0;
			defaultConfigurationName = Release;
		};
/* End XCConfigurationList section */
	};
	rootObject = 4A3706781FBE509700688810 /* Project object */;
}
